#MicroXplorer Configuration settings - do not modify
Mcu.Family=STM32F1
ProjectManager.MainLocation=Core/Src
ProjectManager.ProjectFileName=migrated_sx1278_test.ioc
ProjectManager.KeepUserCode=true
PA10.Mode=Asynchronous
Mcu.UserName=STM32F103C8Tx
Mcu.PinsNb=14
SPI2.VirtualType=VM_MASTER
ProjectManager.NoMain=false
RCC.PLLCLKFreq_Value=8000000
PC13-TAMPER-RTC.GPIOParameters=GPIO_Label
ProjectManager.functionlistsort=1-MX_GPIO_Init-GPIO-false-HAL-true,2-SystemClock_Config-RCC-false-HAL-false,3-MX_USART1_UART_Init-USART1-false-HAL-true,4-MX_SPI2_Init-SPI2-false-HAL-true
PC13-TAMPER-RTC.Signal=GPIO_Output
ProjectManager.DefaultFWLocation=true
PB0.GPIO_Label=RESET
PB12.Locked=true
ProjectManager.DeletePrevious=true
USART1.IPParameters=VirtualMode
PB10.Locked=true
PB11.Signal=GPIO_Input
PB15.Signal=SPI2_MOSI
PB13.Signal=SPI2_SCK
PinOutPanel.RotationAngle=0
RCC.FamilyName=M
ProjectManager.StackSize=0x400
PA13.Signal=SYS_JTMS-SWDIO
Mcu.IP4=USART1
NVIC.SVCall_IRQn=true\:0\:0\:false\:false\:true\:false\:false
Mcu.IP2=SPI2
Mcu.IP3=SYS
Mcu.IP0=NVIC
PA9.Mode=Asynchronous
Mcu.IP1=RCC
Mcu.UserConstants=
ProjectManager.TargetToolchain=STM32CubeIDE
PB10.GPIO_Label=MODE
PB0.PinState=GPIO_PIN_SET
Mcu.ThirdPartyNb=0
Mcu.IPNb=5
ProjectManager.PreviousToolchain=
PA9.Signal=USART1_TX
PB12.PinState=GPIO_PIN_SET
SPI2.IPParameters=VirtualType,Mode,Direction,CalculateBaudRate
Mcu.Pin6=PB13
Mcu.Pin7=PB14
ProjectManager.RegisterCallBack=
PC13-TAMPER-RTC.Locked=true
Mcu.Pin8=PB15
Mcu.Pin9=PA9
Mcu.Pin0=PC13-TAMPER-RTC
PB1.Locked=true
Mcu.Pin1=PB0
GPIO.groupedBy=Group By Peripherals
Mcu.Pin2=PB1
PB10.Signal=GPIO_Input
Mcu.Pin3=PB10
Mcu.Pin4=PB11
Mcu.Pin5=PB12
PB14.Signal=SPI2_MISO
ProjectManager.ProjectBuild=false
NVIC.UsageFault_IRQn=true\:0\:0\:false\:false\:true\:false\:false
NVIC.DebugMonitor_IRQn=true\:0\:0\:false\:false\:true\:false\:false
board=custom
NVIC.SysTick_IRQn=true\:0\:0\:false\:false\:true\:false\:true
ProjectManager.LastFirmware=true
PC13-TAMPER-RTC.GPIO_Label=LED
PB15.Mode=Full_Duplex_Master
PB12.GPIO_Label=NSS
ProjectManager.FirmwarePackage=STM32Cube FW_F1 V1.8.4
MxDb.Version=DB.6.0.21
PB0.GPIOParameters=PinState,GPIO_Label
RCC.APB2Freq_Value=8000000
ProjectManager.BackupPrevious=false
MxCube.Version=6.2.1
PA14.Mode=Serial_Wire
PB14.Mode=Full_Duplex_Master
PB1.GPIO_Label=DIO0
File.Version=6
VP_SYS_VS_Systick.Mode=SysTick
SPI2.CalculateBaudRate=4.0 MBits/s
NVIC.NonMaskableInt_IRQn=true\:0\:0\:false\:false\:true\:false\:false
NVIC.PendSV_IRQn=true\:0\:0\:false\:false\:true\:false\:false
PA13.Mode=Serial_Wire
ProjectManager.FreePins=false
RCC.IPParameters=APB1Freq_Value,APB2Freq_Value,FamilyName,PLLCLKFreq_Value,PLLMCOFreq_Value,TimSysFreq_Value
ProjectManager.AskForMigrate=true
Mcu.Name=STM32F103C(8-B)Tx
ProjectManager.HalAssertFull=false
PB0.Locked=true
ProjectManager.ProjectName=migrated_sx1278_test
ProjectManager.UnderRoot=true
RCC.PLLMCOFreq_Value=4000000
ProjectManager.CoupleFile=false
Mcu.Package=LQFP48
PB1.Signal=GPIO_Input
RCC.TimSysFreq_Value=8000000
SPI2.Mode=SPI_MODE_MASTER
NVIC.ForceEnableDMAVector=true
KeepUserPlacement=false
NVIC.MemoryManagement_IRQn=true\:0\:0\:false\:false\:true\:false\:false
USART1.VirtualMode=VM_ASYNC
ProjectManager.CompilerOptimize=6
ProjectManager.ToolChainLocation=
VP_SYS_VS_Systick.Signal=SYS_VS_Systick
PA10.Signal=USART1_RX
PA14.Signal=SYS_JTCK-SWCLK
ProjectManager.HeapSize=0x200
NVIC.HardFault_IRQn=true\:0\:0\:false\:false\:true\:false\:false
Mcu.Pin13=VP_SYS_VS_Systick
ProjectManager.ComputerToolchain=false
NVIC.PriorityGroup=NVIC_PRIORITYGROUP_4
Mcu.Pin11=PA13
Mcu.Pin12=PA14
Mcu.Pin10=PA10
NVIC.BusFault_IRQn=true\:0\:0\:false\:false\:true\:false\:false
SPI2.Direction=SPI_DIRECTION_2LINES
PB13.Mode=Full_Duplex_Master
PB10.GPIOParameters=GPIO_Label
RCC.APB1Freq_Value=8000000
PB0.Signal=GPIO_Output
ProjectManager.CustomerFirmwarePackage=
PB11.Locked=true
ProjectManager.DeviceId=STM32F103C8Tx
PB12.GPIOParameters=PinState,GPIO_Label
PB12.Signal=GPIO_Output
ProjectManager.LibraryCopy=1
PB1.GPIOParameters=GPIO_Label
isbadioc=false
